// !$*UTF8*$!
{
	archiveVersion = 1;
	classes = {
	};
	objectVersion = 46;
	objects = {

/* Begin PBXBuildFile section */
		CA4C85DE1B6BC3F8007A0387 /* CBZRasterSplashView.m in Sources */ = {isa = PBXBuildFile; fileRef = CA4C85D91B6BC3F8007A0387 /* CBZRasterSplashView.m */; };
		CA4C85DF1B6BC3F8007A0387 /* CBZSplashView.m in Sources */ = {isa = PBXBuildFile; fileRef = CA4C85DB1B6BC3F8007A0387 /* CBZSplashView.m */; };
		CA4C85E01B6BC3F8007A0387 /* CBZVectorSplashView.m in Sources */ = {isa = PBXBuildFile; fileRef = CA4C85DD1B6BC3F8007A0387 /* CBZVectorSplashView.m */; };
		CAA4689C1B66EB4E003DC0EE /* AppDelegate.swift in Sources */ = {isa = PBXBuildFile; fileRef = CAA4689B1B66EB4E003DC0EE /* AppDelegate.swift */; };
		CAA4689E1B66EB4E003DC0EE /* GameScene.sks in Resources */ = {isa = PBXBuildFile; fileRef = CAA4689D1B66EB4E003DC0EE /* GameScene.sks */; };
		CAA468A01B66EB4E003DC0EE /* GameScene.swift in Sources */ = {isa = PBXBuildFile; fileRef = CAA4689F1B66EB4E003DC0EE /* GameScene.swift */; };
		CAA468A21B66EB4E003DC0EE /* GameViewController.swift in Sources */ = {isa = PBXBuildFile; fileRef = CAA468A11B66EB4E003DC0EE /* GameViewController.swift */; };
		CAA468A51B66EB4E003DC0EE /* Main.storyboard in Resources */ = {isa = PBXBuildFile; fileRef = CAA468A31B66EB4E003DC0EE /* Main.storyboard */; };
		CAA468A71B66EB4E003DC0EE /* Images.xcassets in Resources */ = {isa = PBXBuildFile; fileRef = CAA468A61B66EB4E003DC0EE /* Images.xcassets */; };
		CAA468AA1B66EB4E003DC0EE /* LaunchScreen.xib in Resources */ = {isa = PBXBuildFile; fileRef = CAA468A81B66EB4E003DC0EE /* LaunchScreen.xib */; };
		CAA468B61B66EB4F003DC0EE /* FlappyDickbuttTests.swift in Sources */ = {isa = PBXBuildFile; fileRef = CAA468B51B66EB4F003DC0EE /* FlappyDickbuttTests.swift */; };
/* End PBXBuildFile section */

/* Begin PBXContainerItemProxy section */
		CAA468B01B66EB4F003DC0EE /* PBXContainerItemProxy */ = {
			isa = PBXContainerItemProxy;
			containerPortal = CAA4688E1B66EB4E003DC0EE /* Project object */;
			proxyType = 1;
			remoteGlobalIDString = CAA468951B66EB4E003DC0EE;
			remoteInfo = FlappyDickbutt;
		};
/* End PBXContainerItemProxy section */

/* Begin PBXFileReference section */
		CA4C85C51B6BC352007A0387 /* FlappyDickbutt-Bridging-Header.h */ = {isa = PBXFileReference; lastKnownFileType = sourcecode.c.h; path = "FlappyDickbutt-Bridging-Header.h"; sourceTree = "<group>"; };
		CA4C85D81B6BC3F8007A0387 /* CBZRasterSplashView.h */ = {isa = PBXFileReference; fileEncoding = 4; lastKnownFileType = sourcecode.c.h; path = CBZRasterSplashView.h; sourceTree = "<group>"; };
		CA4C85D91B6BC3F8007A0387 /* CBZRasterSplashView.m */ = {isa = PBXFileReference; fileEncoding = 4; lastKnownFileType = sourcecode.c.objc; path = CBZRasterSplashView.m; sourceTree = "<group>"; };
		CA4C85DA1B6BC3F8007A0387 /* CBZSplashView.h */ = {isa = PBXFileReference; fileEncoding = 4; lastKnownFileType = sourcecode.c.h; path = CBZSplashView.h; sourceTree = "<group>"; };
		CA4C85DB1B6BC3F8007A0387 /* CBZSplashView.m */ = {isa = PBXFileReference; fileEncoding = 4; lastKnownFileType = sourcecode.c.objc; path = CBZSplashView.m; sourceTree = "<group>"; };
		CA4C85DC1B6BC3F8007A0387 /* CBZVectorSplashView.h */ = {isa = PBXFileReference; fileEncoding = 4; lastKnownFileType = sourcecode.c.h; path = CBZVectorSplashView.h; sourceTree = "<group>"; };
		CA4C85DD1B6BC3F8007A0387 /* CBZVectorSplashView.m */ = {isa = PBXFileReference; fileEncoding = 4; lastKnownFileType = sourcecode.c.objc; path = CBZVectorSplashView.m; sourceTree = "<group>"; };
		CAA468961B66EB4E003DC0EE /* FlappyDickbutt.app */ = {isa = PBXFileReference; explicitFileType = wrapper.application; includeInIndex = 0; path = FlappyDickbutt.app; sourceTree = BUILT_PRODUCTS_DIR; };
		CAA4689A1B66EB4E003DC0EE /* Info.plist */ = {isa = PBXFileReference; lastKnownFileType = text.plist.xml; path = Info.plist; sourceTree = "<group>"; };
		CAA4689B1B66EB4E003DC0EE /* AppDelegate.swift */ = {isa = PBXFileReference; lastKnownFileType = sourcecode.swift; path = AppDelegate.swift; sourceTree = "<group>"; };
		CAA4689D1B66EB4E003DC0EE /* GameScene.sks */ = {isa = PBXFileReference; lastKnownFileType = file.sks; path = GameScene.sks; sourceTree = "<group>"; };
		CAA4689F1B66EB4E003DC0EE /* GameScene.swift */ = {isa = PBXFileReference; lastKnownFileType = sourcecode.swift; path = GameScene.swift; sourceTree = "<group>"; };
		CAA468A11B66EB4E003DC0EE /* GameViewController.swift */ = {isa = PBXFileReference; lastKnownFileType = sourcecode.swift; path = GameViewController.swift; sourceTree = "<group>"; };
		CAA468A41B66EB4E003DC0EE /* Base */ = {isa = PBXFileReference; lastKnownFileType = file.storyboard; name = Base; path = Base.lproj/Main.storyboard; sourceTree = "<group>"; };
		CAA468A61B66EB4E003DC0EE /* Images.xcassets */ = {isa = PBXFileReference; lastKnownFileType = folder.assetcatalog; path = Images.xcassets; sourceTree = "<group>"; };
		CAA468A91B66EB4E003DC0EE /* Base */ = {isa = PBXFileReference; lastKnownFileType = file.xib; name = Base; path = Base.lproj/LaunchScreen.xib; sourceTree = "<group>"; };
		CAA468AF1B66EB4F003DC0EE /* FlappyDickbuttTests.xctest */ = {isa = PBXFileReference; explicitFileType = wrapper.cfbundle; includeInIndex = 0; path = FlappyDickbuttTests.xctest; sourceTree = BUILT_PRODUCTS_DIR; };
		CAA468B41B66EB4F003DC0EE /* Info.plist */ = {isa = PBXFileReference; lastKnownFileType = text.plist.xml; path = Info.plist; sourceTree = "<group>"; };
		CAA468B51B66EB4F003DC0EE /* FlappyDickbuttTests.swift */ = {isa = PBXFileReference; lastKnownFileType = sourcecode.swift; path = FlappyDickbuttTests.swift; sourceTree = "<group>"; };
/* End PBXFileReference section */

/* Begin PBXFrameworksBuildPhase section */
		CAA468931B66EB4E003DC0EE /* Frameworks */ = {
			isa = PBXFrameworksBuildPhase;
			buildActionMask = 2147483647;
			files = (
			);
			runOnlyForDeploymentPostprocessing = 0;
		};
		CAA468AC1B66EB4F003DC0EE /* Frameworks */ = {
			isa = PBXFrameworksBuildPhase;
			buildActionMask = 2147483647;
			files = (
			);
			runOnlyForDeploymentPostprocessing = 0;
		};
/* End PBXFrameworksBuildPhase section */

/* Begin PBXGroup section */
		CA4C85BB1B6BC318007A0387 /* CBZSplashView */ = {
			isa = PBXGroup;
			children = (
				CA4C85D81B6BC3F8007A0387 /* CBZRasterSplashView.h */,
				CA4C85D91B6BC3F8007A0387 /* CBZRasterSplashView.m */,
				CA4C85DA1B6BC3F8007A0387 /* CBZSplashView.h */,
				CA4C85DB1B6BC3F8007A0387 /* CBZSplashView.m */,
				CA4C85DC1B6BC3F8007A0387 /* CBZVectorSplashView.h */,
				CA4C85DD1B6BC3F8007A0387 /* CBZVectorSplashView.m */,
				CA4C85C51B6BC352007A0387 /* FlappyDickbutt-Bridging-Header.h */,
			);
			path = CBZSplashView;
			sourceTree = "<group>";
		};
		CAA4688D1B66EB4E003DC0EE = {
			isa = PBXGroup;
			children = (
				CAA468981B66EB4E003DC0EE /* FlappyDickbutt */,
				CAA468B21B66EB4F003DC0EE /* FlappyDickbuttTests */,
				CAA468971B66EB4E003DC0EE /* Products */,
			);
			sourceTree = "<group>";
		};
		CAA468971B66EB4E003DC0EE /* Products */ = {
			isa = PBXGroup;
			children = (
				CAA468961B66EB4E003DC0EE /* FlappyDickbutt.app */,
				CAA468AF1B66EB4F003DC0EE /* FlappyDickbuttTests.xctest */,
			);
			name = Products;
			sourceTree = "<group>";
		};
		CAA468981B66EB4E003DC0EE /* FlappyDickbutt */ = {
			isa = PBXGroup;
			children = (
				CA4C85BB1B6BC318007A0387 /* CBZSplashView */,
				CAA4689B1B66EB4E003DC0EE /* AppDelegate.swift */,
				CAA4689D1B66EB4E003DC0EE /* GameScene.sks */,
				CAA4689F1B66EB4E003DC0EE /* GameScene.swift */,
				CAA468A11B66EB4E003DC0EE /* GameViewController.swift */,
				CAA468A31B66EB4E003DC0EE /* Main.storyboard */,
				CAA468A61B66EB4E003DC0EE /* Images.xcassets */,
				CAA468A81B66EB4E003DC0EE /* LaunchScreen.xib */,
				CAA468991B66EB4E003DC0EE /* Supporting Files */,
			);
			path = FlappyDickbutt;
			sourceTree = "<group>";
		};
		CAA468991B66EB4E003DC0EE /* Supporting Files */ = {
			isa = PBXGroup;
			children = (
				CAA4689A1B66EB4E003DC0EE /* Info.plist */,
			);
			name = "Supporting Files";
			sourceTree = "<group>";
		};
		CAA468B21B66EB4F003DC0EE /* FlappyDickbuttTests */ = {
			isa = PBXGroup;
			children = (
				CAA468B51B66EB4F003DC0EE /* FlappyDickbuttTests.swift */,
				CAA468B31B66EB4F003DC0EE /* Supporting Files */,
			);
			path = FlappyDickbuttTests;
			sourceTree = "<group>";
		};
		CAA468B31B66EB4F003DC0EE /* Supporting Files */ = {
			isa = PBXGroup;
			children = (
				CAA468B41B66EB4F003DC0EE /* Info.plist */,
			);
			name = "Supporting Files";
			sourceTree = "<group>";
		};
/* End PBXGroup section */

/* Begin PBXNativeTarget section */
		CAA468951B66EB4E003DC0EE /* FlappyDickbutt */ = {
			isa = PBXNativeTarget;
			buildConfigurationList = CAA468B91B66EB4F003DC0EE /* Build configuration list for PBXNativeTarget "FlappyDickbutt" */;
			buildPhases = (
				CAA468921B66EB4E003DC0EE /* Sources */,
				CAA468931B66EB4E003DC0EE /* Frameworks */,
				CAA468941B66EB4E003DC0EE /* Resources */,
			);
			buildRules = (
			);
			dependencies = (
			);
			name = FlappyDickbutt;
			productName = FlappyDickbutt;
			productReference = CAA468961B66EB4E003DC0EE /* FlappyDickbutt.app */;
			productType = "com.apple.product-type.application";
		};
		CAA468AE1B66EB4F003DC0EE /* FlappyDickbuttTests */ = {
			isa = PBXNativeTarget;
			buildConfigurationList = CAA468BC1B66EB4F003DC0EE /* Build configuration list for PBXNativeTarget "FlappyDickbuttTests" */;
			buildPhases = (
				CAA468AB1B66EB4F003DC0EE /* Sources */,
				CAA468AC1B66EB4F003DC0EE /* Frameworks */,
				CAA468AD1B66EB4F003DC0EE /* Resources */,
			);
			buildRules = (
			);
			dependencies = (
				CAA468B11B66EB4F003DC0EE /* PBXTargetDependency */,
			);
			name = FlappyDickbuttTests;
			productName = FlappyDickbuttTests;
			productReference = CAA468AF1B66EB4F003DC0EE /* FlappyDickbuttTests.xctest */;
			productType = "com.apple.product-type.bundle.unit-test";
		};
/* End PBXNativeTarget section */

/* Begin PBXProject section */
		CAA4688E1B66EB4E003DC0EE /* Project object */ = {
			isa = PBXProject;
			attributes = {
				LastUpgradeCheck = 0640;
				ORGANIZATIONNAME = cbcoding;
				TargetAttributes = {
					CAA468951B66EB4E003DC0EE = {
						CreatedOnToolsVersion = 6.4;
					};
					CAA468AE1B66EB4F003DC0EE = {
						CreatedOnToolsVersion = 6.4;
						TestTargetID = CAA468951B66EB4E003DC0EE;
					};
				};
			};
			buildConfigurationList = CAA468911B66EB4E003DC0EE /* Build configuration list for PBXProject "FlappyDickbutt" */;
			compatibilityVersion = "Xcode 3.2";
			developmentRegion = English;
			hasScannedForEncodings = 0;
			knownRegions = (
				en,
				Base,
			);
			mainGroup = CAA4688D1B66EB4E003DC0EE;
			productRefGroup = CAA468971B66EB4E003DC0EE /* Products */;
			projectDirPath = "";
			projectRoot = "";
			targets = (
				CAA468951B66EB4E003DC0EE /* FlappyDickbutt */,
				CAA468AE1B66EB4F003DC0EE /* FlappyDickbuttTests */,
			);
		};
/* End PBXProject section */

/* Begin PBXResourcesBuildPhase section */
		CAA468941B66EB4E003DC0EE /* Resources */ = {
			isa = PBXResourcesBuildPhase;
			buildActionMask = 2147483647;
			files = (
				CAA468AA1B66EB4E003DC0EE /* LaunchScreen.xib in Resources */,
				CAA468A71B66EB4E003DC0EE /* Images.xcassets in Resources */,
				CAA4689E1B66EB4E003DC0EE /* GameScene.sks in Resources */,
				CAA468A51B66EB4E003DC0EE /* Main.storyboard in Resources */,
			);
			runOnlyForDeploymentPostprocessing = 0;
		};
		CAA468AD1B66EB4F003DC0EE /* Resources */ = {
			isa = PBXResourcesBuildPhase;
			buildActionMask = 2147483647;
			files = (
			);
			runOnlyForDeploymentPostprocessing = 0;
		};
/* End PBXResourcesBuildPhase section */

/* Begin PBXSourcesBuildPhase section */
		CAA468921B66EB4E003DC0EE /* Sources */ = {
			isa = PBXSourcesBuildPhase;
			buildActionMask = 2147483647;
			files = (
				CAA468A01B66EB4E003DC0EE /* GameScene.swift in Sources */,
				CAA468A21B66EB4E003DC0EE /* GameViewController.swift in Sources */,
				CA4C85E01B6BC3F8007A0387 /* CBZVectorSplashView.m in Sources */,
				CA4C85DF1B6BC3F8007A0387 /* CBZSplashView.m in Sources */,
				CA4C85DE1B6BC3F8007A0387 /* CBZRasterSplashView.m in Sources */,
				CAA4689C1B66EB4E003DC0EE /* AppDelegate.swift in Sources */,
			);
			runOnlyForDeploymentPostprocessing = 0;
		};
		CAA468AB1B66EB4F003DC0EE /* Sources */ = {
			isa = PBXSourcesBuildPhase;
			buildActionMask = 2147483647;
			files = (
				CAA468B61B66EB4F003DC0EE /* FlappyDickbuttTests.swift in Sources */,
			);
			runOnlyForDeploymentPostprocessing = 0;
		};
/* End PBXSourcesBuildPhase section */

/* Begin PBXTargetDependency section */
		CAA468B11B66EB4F003DC0EE /* PBXTargetDependency */ = {
			isa = PBXTargetDependency;
			target = CAA468951B66EB4E003DC0EE /* FlappyDickbutt */;
			targetProxy = CAA468B01B66EB4F003DC0EE /* PBXContainerItemProxy */;
		};
/* End PBXTargetDependency section */

/* Begin PBXVariantGroup section */
		CAA468A31B66EB4E003DC0EE /* Main.storyboard */ = {
			isa = PBXVariantGroup;
			children = (
				CAA468A41B66EB4E003DC0EE /* Base */,
			);
			name = Main.storyboard;
			sourceTree = "<group>";
		};
		CAA468A81B66EB4E003DC0EE /* LaunchScreen.xib */ = {
			isa = PBXVariantGroup;
			children = (
				CAA468A91B66EB4E003DC0EE /* Base */,
			);
			name = LaunchScreen.xib;
			sourceTree = "<group>";
		};
/* End PBXVariantGroup section */

/* Begin XCBuildConfiguration section */
		CAA468B71B66EB4F003DC0EE /* Debug */ = {
			isa = XCBuildConfiguration;
			buildSettings = {
				ALWAYS_SEARCH_USER_PATHS = NO;
				CLANG_CXX_LANGUAGE_STANDARD = "gnu++0x";
				CLANG_CXX_LIBRARY = "libc++";
				CLANG_ENABLE_MODULES = YES;
				CLANG_ENABLE_OBJC_ARC = YES;
				CLANG_WARN_BOOL_CONVERSION = YES;
				CLANG_WARN_CONSTANT_CONVERSION = YES;
				CLANG_WARN_DIRECT_OBJC_ISA_USAGE = YES_ERROR;
				CLANG_WARN_EMPTY_BODY = YES;
				CLANG_WARN_ENUM_CONVERSION = YES;
				CLANG_WARN_INT_CONVERSION = YES;
				CLANG_WARN_OBJC_ROOT_CLASS = YES_ERROR;
				CLANG_WARN_UNREACHABLE_CODE = YES;
				CLANG_WARN__DUPLICATE_METHOD_MATCH = YES;
				"CODE_SIGN_IDENTITY[sdk=iphoneos*]" = "iPhone Developer";
				COPY_PHASE_STRIP = NO;
				DEBUG_INFORMATION_FORMAT = "dwarf-with-dsym";
				ENABLE_STRICT_OBJC_MSGSEND = YES;
				GCC_C_LANGUAGE_STANDARD = gnu99;
				GCC_DYNAMIC_NO_PIC = NO;
				GCC_NO_COMMON_BLOCKS = YES;
				GCC_OPTIMIZATION_LEVEL = 0;
				GCC_PREPROCESSOR_DEFINITIONS = (
					"DEBUG=1",
					"$(inherited)",
				);
				GCC_SYMBOLS_PRIVATE_EXTERN = NO;
				GCC_WARN_64_TO_32_BIT_CONVERSION = YES;
				GCC_WARN_ABOUT_RETURN_TYPE = YES_ERROR;
				GCC_WARN_UNDECLARED_SELECTOR = YES;
				GCC_WARN_UNINITIALIZED_AUTOS = YES_AGGRESSIVE;
				GCC_WARN_UNUSED_FUNCTION = YES;
				GCC_WARN_UNUSED_VARIABLE = YES;
				IPHONEOS_DEPLOYMENT_TARGET = 8.2;
				MTL_ENABLE_DEBUG_INFO = YES;
				ONLY_ACTIVE_ARCH = YES;
				OTHER_SWIFT_FLAGS = "-D DEBUG";
				SDKROOT = iphoneos;
				SWIFT_OPTIMIZATION_LEVEL = "-Onone";
			};
			name = Debug;
		};
		CAA468B81B66EB4F003DC0EE /* Release */ = {
			isa = XCBuildConfiguration;
			buildSettings = {
				ALWAYS_SEARCH_USER_PATHS = NO;
				CLANG_CXX_LANGUAGE_STANDARD = "gnu++0x";
				CLANG_CXX_LIBRARY = "libc++";
				CLANG_ENABLE_MODULES = YES;
				CLANG_ENABLE_OBJC_ARC = YES;
				CLANG_WARN_BOOL_CONVERSION = YES;
				CLANG_WARN_CONSTANT_CONVERSION = YES;
				CLANG_WARN_DIRECT_OBJC_ISA_USAGE = YES_ERROR;
				CLANG_WARN_EMPTY_BODY = YES;
				CLANG_WARN_ENUM_CONVERSION = YES;
				CLANG_WARN_INT_CONVERSION = YES;
				CLANG_WARN_OBJC_ROOT_CLASS = YES_ERROR;
				CLANG_WARN_UNREACHABLE_CODE = YES;
				CLANG_WARN__DUPLICATE_METHOD_MATCH = YES;
				"CODE_SIGN_IDENTITY[sdk=iphoneos*]" = "iPhone Developer";
				COPY_PHASE_STRIP = NO;
				DEBUG_INFORMATION_FORMAT = "dwarf-with-dsym";
				ENABLE_NS_ASSERTIONS = NO;
				ENABLE_STRICT_OBJC_MSGSEND = YES;
				GCC_C_LANGUAGE_STANDARD = gnu99;
				GCC_NO_COMMON_BLOCKS = YES;
				GCC_WARN_64_TO_32_BIT_CONVERSION = YES;
				GCC_WARN_ABOUT_RETURN_TYPE = YES_ERROR;
				GCC_WARN_UNDECLARED_SELECTOR = YES;
				GCC_WARN_UNINITIALIZED_AUTOS = YES_AGGRESSIVE;
				GCC_WARN_UNUSED_FUNCTION = YES;
				GCC_WARN_UNUSED_VARIABLE = YES;
				IPHONEOS_DEPLOYMENT_TARGET = 8.2;
				MTL_ENABLE_DEBUG_INFO = NO;
				OTHER_SWIFT_FLAGS = "-D RELEASE";
				SDKROOT = iphoneos;
				VALIDATE_PRODUCT = YES;
			};
			name = Release;
		};
		CAA468BA1B66EB4F003DC0EE /* Debug */ = {
			isa = XCBuildConfiguration;
			buildSettings = {
				ASSETCATALOG_COMPILER_APPICON_NAME = AppIcon;
				CLANG_ENABLE_MODULES = YES;
				INFOPLIST_FILE = FlappyDickbutt/Info.plist;
				IPHONEOS_DEPLOYMENT_TARGET = 8.2;
				LD_RUNPATH_SEARCH_PATHS = "$(inherited) @executable_path/Frameworks";
				PRODUCT_NAME = FlappyDickbutt;
				SWIFT_OBJC_BRIDGING_HEADER = "FlappyDickbutt/CBZSplashView/FlappyDickbutt-Bridging-Header.h";
				SWIFT_OPTIMIZATION_LEVEL = "-Onone";
			};
			name = Debug;
		};
		CAA468BB1B66EB4F003DC0EE /* Release */ = {
			isa = XCBuildConfiguration;
			buildSettings = {
				ASSETCATALOG_COMPILER_APPICON_NAME = AppIcon;
				CLANG_ENABLE_MODULES = YES;
				INFOPLIST_FILE = FlappyDickbutt/Info.plist;
				IPHONEOS_DEPLOYMENT_TARGET = 8.2;
				LD_RUNPATH_SEARCH_PATHS = "$(inherited) @executable_path/Frameworks";
				PRODUCT_NAME = FlappyDickbutt;
				SWIFT_OBJC_BRIDGING_HEADER = "FlappyDickbutt/CBZSplashView/FlappyDickbutt-Bridging-Header.h";
			};
			name = Release;
		};
		CAA468BD1B66EB4F003DC0EE /* Debug */ = {
			isa = XCBuildConfiguration;
			buildSettings = {
				BUNDLE_LOADER = "$(TEST_HOST)";
				FRAMEWORK_SEARCH_PATHS = (
					"$(SDKROOT)/Developer/Library/Frameworks",
					"$(inherited)",
				);
				GCC_PREPROCESSOR_DEFINITIONS = (
					"DEBUG=1",
					"$(inherited)",
				);
				INFOPLIST_FILE = FlappyDickbuttTests/Info.plist;
				LD_RUNPATH_SEARCH_PATHS = "$(inherited) @executable_path/Frameworks @loader_path/Frameworks";
				PRODUCT_NAME = FlappyDickbuttTests;
				TEST_HOST = "$(BUILT_PRODUCTS_DIR)/FlappyDickbutt.app/FlappyDickbutt";
			};
			name = Debug;
		};
		CAA468BE1B66EB4F003DC0EE /* Release */ = {
			isa = XCBuildConfiguration;
			buildSettings = {
				BUNDLE_LOADER = "$(TEST_HOST)";
				FRAMEWORK_SEARCH_PATHS = (
					"$(SDKROOT)/Developer/Library/Frameworks",
					"$(inherited)",
				);
				INFOPLIST_FILE = FlappyDickbuttTests/Info.plist;
				LD_RUNPATH_SEARCH_PATHS = "$(inherited) @executable_path/Frameworks @loader_path/Frameworks";
				PRODUCT_NAME = FlappyDickbuttTests;
				TEST_HOST = "$(BUILT_PRODUCTS_DIR)/FlappyDickbutt.app/FlappyDickbutt";
			};
			name = Release;
		};
/* End XCBuildConfiguration section */

/* Begin XCConfigurationList section */
		CAA468911B66EB4E003DC0EE /* Build configuration list for PBXProject "FlappyDickbutt" */ = {
			isa = XCConfigurationList;
			buildConfigurations = (
				CAA468B71B66EB4F003DC0EE /* Debug */,
				CAA468B81B66EB4F003DC0EE /* Release */,
			);
			defaultConfigurationIsVisible = 0;
			defaultConfigurationName = Release;
		};
		CAA468B91B66EB4F003DC0EE /* Build configuration list for PBXNativeTarget "FlappyDickbutt" */ = {
			isa = XCConfigurationList;
			buildConfigurations = (
				CAA468BA1B66EB4F003DC0EE /* Debug */,
				CAA468BB1B66EB4F003DC0EE /* Release */,
			);
			defaultConfigurationIsVisible = 0;
			defaultConfigurationName = Release;
		};
		CAA468BC1B66EB4F003DC0EE /* Build configuration list for PBXNativeTarget "FlappyDickbuttTests" */ = {
			isa = XCConfigurationList;
			buildConfigurations = (
				CAA468BD1B66EB4F003DC0EE /* Debug */,
				CAA468BE1B66EB4F003DC0EE /* Release */,
			);
			defaultConfigurationIsVisible = 0;
			defaultConfigurationName = Release;
		};
/* End XCConfigurationList section */
	};
	rootObject = CAA4688E1B66EB4E003DC0EE /* Project object */;
}
